// !$*UTF8*$!
{
	archiveVersion = 1;
	classes = {
	};
	objectVersion = 56;
	objects = {

/* Begin PBXBuildFile section */
		02C30C662903B5E000B91CB9 /* CaseProjectForAppleWatchesApp.swift in Sources */ = {isa = PBXBuildFile; fileRef = 02C30C652903B5E000B91CB9 /* CaseProjectForAppleWatchesApp.swift */; };
		02C30C682903B5E000B91CB9 /* ContentView.swift in Sources */ = {isa = PBXBuildFile; fileRef = 02C30C672903B5E000B91CB9 /* ContentView.swift */; };
		02C30C6A2903B5E100B91CB9 /* Assets.xcassets in Resources */ = {isa = PBXBuildFile; fileRef = 02C30C692903B5E100B91CB9 /* Assets.xcassets */; };
		02C30C6D2903B5E100B91CB9 /* Preview Assets.xcassets in Resources */ = {isa = PBXBuildFile; fileRef = 02C30C6C2903B5E100B91CB9 /* Preview Assets.xcassets */; };
		02C30C732903B5E100B91CB9 /* CaseProjectForAppleWatches Watch App.app in Embed Watch Content */ = {isa = PBXBuildFile; fileRef = 02C30C722903B5E100B91CB9 /* CaseProjectForAppleWatches Watch App.app */; settings = {ATTRIBUTES = (RemoveHeadersOnCopy, ); }; };
		02C30C782903B5E100B91CB9 /* CaseProjectForAppleWatchesApp.swift in Sources */ = {isa = PBXBuildFile; fileRef = 02C30C772903B5E100B91CB9 /* CaseProjectForAppleWatchesApp.swift */; };
		02C30C7A2903B5E100B91CB9 /* ContentView.swift in Sources */ = {isa = PBXBuildFile; fileRef = 02C30C792903B5E100B91CB9 /* ContentView.swift */; };
		02C30C7C2903B5E100B91CB9 /* Assets.xcassets in Resources */ = {isa = PBXBuildFile; fileRef = 02C30C7B2903B5E100B91CB9 /* Assets.xcassets */; };
		02C30C7F2903B5E100B91CB9 /* Preview Assets.xcassets in Resources */ = {isa = PBXBuildFile; fileRef = 02C30C7E2903B5E100B91CB9 /* Preview Assets.xcassets */; };
/* End PBXBuildFile section */

/* Begin PBXContainerItemProxy section */
		02C30C742903B5E100B91CB9 /* PBXContainerItemProxy */ = {
			isa = PBXContainerItemProxy;
			containerPortal = 02C30C5A2903B5DF00B91CB9 /* Project object */;
			proxyType = 1;
			remoteGlobalIDString = 02C30C712903B5E100B91CB9;
			remoteInfo = "CaseProjectForAppleWatches Watch App";
		};
/* End PBXContainerItemProxy section */

/* Begin PBXCopyFilesBuildPhase section */
		02C30C852903B5E100B91CB9 /* Embed Watch Content */ = {
			isa = PBXCopyFilesBuildPhase;
			buildActionMask = 2147483647;
			dstPath = "$(CONTENTS_FOLDER_PATH)/Watch";
			dstSubfolderSpec = 16;
			files = (
				02C30C732903B5E100B91CB9 /* CaseProjectForAppleWatches Watch App.app in Embed Watch Content */,
			);
			name = "Embed Watch Content";
			runOnlyForDeploymentPostprocessing = 0;
		};
/* End PBXCopyFilesBuildPhase section */

/* Begin PBXFileReference section */
		02C30C622903B5E000B91CB9 /* CaseProjectForAppleWatches.app */ = {isa = PBXFileReference; explicitFileType = wrapper.application; includeInIndex = 0; path = CaseProjectForAppleWatches.app; sourceTree = BUILT_PRODUCTS_DIR; };
		02C30C652903B5E000B91CB9 /* CaseProjectForAppleWatchesApp.swift */ = {isa = PBXFileReference; lastKnownFileType = sourcecode.swift; path = CaseProjectForAppleWatchesApp.swift; sourceTree = "<group>"; };
		02C30C672903B5E000B91CB9 /* ContentView.swift */ = {isa = PBXFileReference; lastKnownFileType = sourcecode.swift; path = ContentView.swift; sourceTree = "<group>"; };
		02C30C692903B5E100B91CB9 /* Assets.xcassets */ = {isa = PBXFileReference; lastKnownFileType = folder.assetcatalog; path = Assets.xcassets; sourceTree = "<group>"; };
		02C30C6C2903B5E100B91CB9 /* Preview Assets.xcassets */ = {isa = PBXFileReference; lastKnownFileType = folder.assetcatalog; path = "Preview Assets.xcassets"; sourceTree = "<group>"; };
		02C30C722903B5E100B91CB9 /* CaseProjectForAppleWatches Watch App.app */ = {isa = PBXFileReference; explicitFileType = wrapper.application; includeInIndex = 0; path = "CaseProjectForAppleWatches Watch App.app"; sourceTree = BUILT_PRODUCTS_DIR; };
		02C30C772903B5E100B91CB9 /* CaseProjectForAppleWatchesApp.swift */ = {isa = PBXFileReference; lastKnownFileType = sourcecode.swift; path = CaseProjectForAppleWatchesApp.swift; sourceTree = "<group>"; };
		02C30C792903B5E100B91CB9 /* ContentView.swift */ = {isa = PBXFileReference; lastKnownFileType = sourcecode.swift; path = ContentView.swift; sourceTree = "<group>"; };
		02C30C7B2903B5E100B91CB9 /* Assets.xcassets */ = {isa = PBXFileReference; lastKnownFileType = folder.assetcatalog; path = Assets.xcassets; sourceTree = "<group>"; };
		02C30C7E2903B5E100B91CB9 /* Preview Assets.xcassets */ = {isa = PBXFileReference; lastKnownFileType = folder.assetcatalog; path = "Preview Assets.xcassets"; sourceTree = "<group>"; };
/* End PBXFileReference section */

/* Begin PBXFrameworksBuildPhase section */
		02C30C5F2903B5E000B91CB9 /* Frameworks */ = {
			isa = PBXFrameworksBuildPhase;
			buildActionMask = 2147483647;
			files = (
			);
			runOnlyForDeploymentPostprocessing = 0;
		};
		02C30C6F2903B5E100B91CB9 /* Frameworks */ = {
			isa = PBXFrameworksBuildPhase;
			buildActionMask = 2147483647;
			files = (
			);
			runOnlyForDeploymentPostprocessing = 0;
		};
/* End PBXFrameworksBuildPhase section */

/* Begin PBXGroup section */
		02C30C592903B5DF00B91CB9 = {
			isa = PBXGroup;
			children = (
				02C30C642903B5E000B91CB9 /* CaseProjectForAppleWatches */,
				02C30C762903B5E100B91CB9 /* CaseProjectForAppleWatches Watch App */,
				02C30C632903B5E000B91CB9 /* Products */,
			);
			sourceTree = "<group>";
		};
		02C30C632903B5E000B91CB9 /* Products */ = {
			isa = PBXGroup;
			children = (
				02C30C622903B5E000B91CB9 /* CaseProjectForAppleWatches.app */,
				02C30C722903B5E100B91CB9 /* CaseProjectForAppleWatches Watch App.app */,
			);
			name = Products;
			sourceTree = "<group>";
		};
		02C30C642903B5E000B91CB9 /* CaseProjectForAppleWatches */ = {
			isa = PBXGroup;
			children = (
				02C30C652903B5E000B91CB9 /* CaseProjectForAppleWatchesApp.swift */,
				02C30C672903B5E000B91CB9 /* ContentView.swift */,
				02C30C692903B5E100B91CB9 /* Assets.xcassets */,
				02C30C6B2903B5E100B91CB9 /* Preview Content */,
			);
			path = CaseProjectForAppleWatches;
			sourceTree = "<group>";
		};
		02C30C6B2903B5E100B91CB9 /* Preview Content */ = {
			isa = PBXGroup;
			children = (
				02C30C6C2903B5E100B91CB9 /* Preview Assets.xcassets */,
			);
			path = "Preview Content";
			sourceTree = "<group>";
		};
		02C30C762903B5E100B91CB9 /* CaseProjectForAppleWatches Watch App */ = {
			isa = PBXGroup;
			children = (
				02C30C772903B5E100B91CB9 /* CaseProjectForAppleWatchesApp.swift */,
				02C30C792903B5E100B91CB9 /* ContentView.swift */,
				02C30C7B2903B5E100B91CB9 /* Assets.xcassets */,
				02C30C7D2903B5E100B91CB9 /* Preview Content */,
			);
			path = "CaseProjectForAppleWatches Watch App";
			sourceTree = "<group>";
		};
		02C30C7D2903B5E100B91CB9 /* Preview Content */ = {
			isa = PBXGroup;
			children = (
				02C30C7E2903B5E100B91CB9 /* Preview Assets.xcassets */,
			);
			path = "Preview Content";
			sourceTree = "<group>";
		};
/* End PBXGroup section */

/* Begin PBXNativeTarget section */
		02C30C612903B5E000B91CB9 /* CaseProjectForAppleWatches */ = {
			isa = PBXNativeTarget;
			buildConfigurationList = 02C30C862903B5E100B91CB9 /* Build configuration list for PBXNativeTarget "CaseProjectForAppleWatches" */;
			buildPhases = (
				02C30C5E2903B5E000B91CB9 /* Sources */,
				02C30C5F2903B5E000B91CB9 /* Frameworks */,
				02C30C602903B5E000B91CB9 /* Resources */,
				02C30C852903B5E100B91CB9 /* Embed Watch Content */,
			);
			buildRules = (
			);
			dependencies = (
				02C30C752903B5E100B91CB9 /* PBXTargetDependency */,
			);
			name = CaseProjectForAppleWatches;
			productName = CaseProjectForAppleWatches;
			productReference = 02C30C622903B5E000B91CB9 /* CaseProjectForAppleWatches.app */;
			productType = "com.apple.product-type.application";
		};
		02C30C712903B5E100B91CB9 /* CaseProjectForAppleWatches Watch App */ = {
			isa = PBXNativeTarget;
			buildConfigurationList = 02C30C822903B5E100B91CB9 /* Build configuration list for PBXNativeTarget "CaseProjectForAppleWatches Watch App" */;
			buildPhases = (
				02C30C6E2903B5E100B91CB9 /* Sources */,
				02C30C6F2903B5E100B91CB9 /* Frameworks */,
				02C30C702903B5E100B91CB9 /* Resources */,
			);
			buildRules = (
			);
			dependencies = (
			);
			name = "CaseProjectForAppleWatches Watch App";
			productName = "CaseProjectForAppleWatches Watch App";
			productReference = 02C30C722903B5E100B91CB9 /* CaseProjectForAppleWatches Watch App.app */;
			productType = "com.apple.product-type.application";
		};
/* End PBXNativeTarget section */

/* Begin PBXProject section */
		02C30C5A2903B5DF00B91CB9 /* Project object */ = {
			isa = PBXProject;
			attributes = {
				BuildIndependentTargetsInParallel = 1;
				LastSwiftUpdateCheck = 1400;
				LastUpgradeCheck = 1400;
				TargetAttributes = {
					02C30C612903B5E000B91CB9 = {
						CreatedOnToolsVersion = 14.0.1;
					};
					02C30C712903B5E100B91CB9 = {
						CreatedOnToolsVersion = 14.0.1;
					};
				};
			};
			buildConfigurationList = 02C30C5D2903B5DF00B91CB9 /* Build configuration list for PBXProject "CaseProjectForAppleWatches" */;
			compatibilityVersion = "Xcode 14.0";
			developmentRegion = en;
			hasScannedForEncodings = 0;
			knownRegions = (
				en,
				Base,
			);
			mainGroup = 02C30C592903B5DF00B91CB9;
			productRefGroup = 02C30C632903B5E000B91CB9 /* Products */;
			projectDirPath = "";
			projectRoot = "";
			targets = (
				02C30C612903B5E000B91CB9 /* CaseProjectForAppleWatches */,
				02C30C712903B5E100B91CB9 /* CaseProjectForAppleWatches Watch App */,
			);
		};
/* End PBXProject section */

/* Begin PBXResourcesBuildPhase section */
		02C30C602903B5E000B91CB9 /* Resources */ = {
			isa = PBXResourcesBuildPhase;
			buildActionMask = 2147483647;
			files = (
				02C30C6D2903B5E100B91CB9 /* Preview Assets.xcassets in Resources */,
				02C30C6A2903B5E100B91CB9 /* Assets.xcassets in Resources */,
			);
			runOnlyForDeploymentPostprocessing = 0;
		};
		02C30C702903B5E100B91CB9 /* Resources */ = {
			isa = PBXResourcesBuildPhase;
			buildActionMask = 2147483647;
			files = (
				02C30C7F2903B5E100B91CB9 /* Preview Assets.xcassets in Resources */,
				02C30C7C2903B5E100B91CB9 /* Assets.xcassets in Resources */,
			);
			runOnlyForDeploymentPostprocessing = 0;
		};
/* End PBXResourcesBuildPhase section */

/* Begin PBXSourcesBuildPhase section */
		02C30C5E2903B5E000B91CB9 /* Sources */ = {
			isa = PBXSourcesBuildPhase;
			buildActionMask = 2147483647;
			files = (
				02C30C682903B5E000B91CB9 /* ContentView.swift in Sources */,
				02C30C662903B5E000B91CB9 /* CaseProjectForAppleWatchesApp.swift in Sources */,
			);
			runOnlyForDeploymentPostprocessing = 0;
		};
		02C30C6E2903B5E100B91CB9 /* Sources */ = {
			isa = PBXSourcesBuildPhase;
			buildActionMask = 2147483647;
			files = (
				02C30C7A2903B5E100B91CB9 /* ContentView.swift in Sources */,
				02C30C782903B5E100B91CB9 /* CaseProjectForAppleWatchesApp.swift in Sources */,
			);
			runOnlyForDeploymentPostprocessing = 0;
		};
/* End PBXSourcesBuildPhase section */

/* Begin PBXTargetDependency section */
		02C30C752903B5E100B91CB9 /* PBXTargetDependency */ = {
			isa = PBXTargetDependency;
			target = 02C30C712903B5E100B91CB9 /* CaseProjectForAppleWatches Watch App */;
			targetProxy = 02C30C742903B5E100B91CB9 /* PBXContainerItemProxy */;
		};
/* End PBXTargetDependency section */

/* Begin XCBuildConfiguration section */
		02C30C802903B5E100B91CB9 /* Debug */ = {
			isa = XCBuildConfiguration;
			buildSettings = {
				ALWAYS_SEARCH_USER_PATHS = NO;
				CLANG_ANALYZER_NONNULL = YES;
				CLANG_ANALYZER_NUMBER_OBJECT_CONVERSION = YES_AGGRESSIVE;
				CLANG_CXX_LANGUAGE_STANDARD = "gnu++20";
				CLANG_ENABLE_MODULES = YES;
				CLANG_ENABLE_OBJC_ARC = YES;
				CLANG_ENABLE_OBJC_WEAK = YES;
				CLANG_WARN_BLOCK_CAPTURE_AUTORELEASING = YES;
				CLANG_WARN_BOOL_CONVERSION = YES;
				CLANG_WARN_COMMA = YES;
				CLANG_WARN_CONSTANT_CONVERSION = YES;
				CLANG_WARN_DEPRECATED_OBJC_IMPLEMENTATIONS = YES;
				CLANG_WARN_DIRECT_OBJC_ISA_USAGE = YES_ERROR;
				CLANG_WARN_DOCUMENTATION_COMMENTS = YES;
				CLANG_WARN_EMPTY_BODY = YES;
				CLANG_WARN_ENUM_CONVERSION = YES;
				CLANG_WARN_INFINITE_RECURSION = YES;
				CLANG_WARN_INT_CONVERSION = YES;
				CLANG_WARN_NON_LITERAL_NULL_CONVERSION = YES;
				CLANG_WARN_OBJC_IMPLICIT_RETAIN_SELF = YES;
				CLANG_WARN_OBJC_LITERAL_CONVERSION = YES;
				CLANG_WARN_OBJC_ROOT_CLASS = YES_ERROR;
				CLANG_WARN_QUOTED_INCLUDE_IN_FRAMEWORK_HEADER = YES;
				CLANG_WARN_RANGE_LOOP_ANALYSIS = YES;
				CLANG_WARN_STRICT_PROTOTYPES = YES;
				CLANG_WARN_SUSPICIOUS_MOVE = YES;
				CLANG_WARN_UNGUARDED_AVAILABILITY = YES_AGGRESSIVE;
				CLANG_WARN_UNREACHABLE_CODE = YES;
				CLANG_WARN__DUPLICATE_METHOD_MATCH = YES;
				COPY_PHASE_STRIP = NO;
				DEBUG_INFORMATION_FORMAT = dwarf;
				ENABLE_STRICT_OBJC_MSGSEND = YES;
				ENABLE_TESTABILITY = YES;
				GCC_C_LANGUAGE_STANDARD = gnu11;
				GCC_DYNAMIC_NO_PIC = NO;
				GCC_NO_COMMON_BLOCKS = YES;
				GCC_OPTIMIZATION_LEVEL = 0;
				GCC_PREPROCESSOR_DEFINITIONS = (
					"DEBUG=1",
					"$(inherited)",
				);
				GCC_WARN_64_TO_32_BIT_CONVERSION = YES;
				GCC_WARN_ABOUT_RETURN_TYPE = YES_ERROR;
				GCC_WARN_UNDECLARED_SELECTOR = YES;
				GCC_WARN_UNINITIALIZED_AUTOS = YES_AGGRESSIVE;
				GCC_WARN_UNUSED_FUNCTION = YES;
				GCC_WARN_UNUSED_VARIABLE = YES;
				MTL_ENABLE_DEBUG_INFO = INCLUDE_SOURCE;
				MTL_FAST_MATH = YES;
				ONLY_ACTIVE_ARCH = YES;
				SWIFT_ACTIVE_COMPILATION_CONDITIONS = DEBUG;
				SWIFT_OPTIMIZATION_LEVEL = "-Onone";
			};
			name = Debug;
		};
		02C30C812903B5E100B91CB9 /* Release */ = {
			isa = XCBuildConfiguration;
			buildSettings = {
				ALWAYS_SEARCH_USER_PATHS = NO;
				CLANG_ANALYZER_NONNULL = YES;
				CLANG_ANALYZER_NUMBER_OBJECT_CONVERSION = YES_AGGRESSIVE;
				CLANG_CXX_LANGUAGE_STANDARD = "gnu++20";
				CLANG_ENABLE_MODULES = YES;
				CLANG_ENABLE_OBJC_ARC = YES;
				CLANG_ENABLE_OBJC_WEAK = YES;
				CLANG_WARN_BLOCK_CAPTURE_AUTORELEASING = YES;
				CLANG_WARN_BOOL_CONVERSION = YES;
				CLANG_WARN_COMMA = YES;
				CLANG_WARN_CONSTANT_CONVERSION = YES;
				CLANG_WARN_DEPRECATED_OBJC_IMPLEMENTATIONS = YES;
				CLANG_WARN_DIRECT_OBJC_ISA_USAGE = YES_ERROR;
				CLANG_WARN_DOCUMENTATION_COMMENTS = YES;
				CLANG_WARN_EMPTY_BODY = YES;
				CLANG_WARN_ENUM_CONVERSION = YES;
				CLANG_WARN_INFINITE_RECURSION = YES;
				CLANG_WARN_INT_CONVERSION = YES;
				CLANG_WARN_NON_LITERAL_NULL_CONVERSION = YES;
				CLANG_WARN_OBJC_IMPLICIT_RETAIN_SELF = YES;
				CLANG_WARN_OBJC_LITERAL_CONVERSION = YES;
				CLANG_WARN_OBJC_ROOT_CLASS = YES_ERROR;
				CLANG_WARN_QUOTED_INCLUDE_IN_FRAMEWORK_HEADER = YES;
				CLANG_WARN_RANGE_LOOP_ANALYSIS = YES;
				CLANG_WARN_STRICT_PROTOTYPES = YES;
				CLANG_WARN_SUSPICIOUS_MOVE = YES;
				CLANG_WARN_UNGUARDED_AVAILABILITY = YES_AGGRESSIVE;
				CLANG_WARN_UNREACHABLE_CODE = YES;
				CLANG_WARN__DUPLICATE_METHOD_MATCH = YES;
				COPY_PHASE_STRIP = NO;
				DEBUG_INFORMATION_FORMAT = "dwarf-with-dsym";
				ENABLE_NS_ASSERTIONS = NO;
				ENABLE_STRICT_OBJC_MSGSEND = YES;
				GCC_C_LANGUAGE_STANDARD = gnu11;
				GCC_NO_COMMON_BLOCKS = YES;
				GCC_WARN_64_TO_32_BIT_CONVERSION = YES;
				GCC_WARN_ABOUT_RETURN_TYPE = YES_ERROR;
				GCC_WARN_UNDECLARED_SELECTOR = YES;
				GCC_WARN_UNINITIALIZED_AUTOS = YES_AGGRESSIVE;
				GCC_WARN_UNUSED_FUNCTION = YES;
				GCC_WARN_UNUSED_VARIABLE = YES;
				MTL_ENABLE_DEBUG_INFO = NO;
				MTL_FAST_MATH = YES;
				SWIFT_COMPILATION_MODE = wholemodule;
				SWIFT_OPTIMIZATION_LEVEL = "-O";
			};
			name = Release;
		};
		02C30C832903B5E100B91CB9 /* Debug */ = {
			isa = XCBuildConfiguration;
			buildSettings = {
				ASSETCATALOG_COMPILER_APPICON_NAME = AppIcon;
				ASSETCATALOG_COMPILER_GLOBAL_ACCENT_COLOR_NAME = AccentColor;
				CODE_SIGN_STYLE = Automatic;
				CURRENT_PROJECT_VERSION = 1;
				DEVELOPMENT_ASSET_PATHS = "\"CaseProjectForAppleWatches Watch App/Preview Content\"";
				DEVELOPMENT_TEAM = CG5Q59AM3D;
				ENABLE_PREVIEWS = YES;
				GENERATE_INFOPLIST_FILE = YES;
				INFOPLIST_KEY_CFBundleDisplayName = CaseProjectForAppleWatches;
				INFOPLIST_KEY_UISupportedInterfaceOrientations = "UIInterfaceOrientationPortrait UIInterfaceOrientationPortraitUpsideDown";
				INFOPLIST_KEY_WKCompanionAppBundleIdentifier = Project.CaseProjectForAppleWatches;
				LD_RUNPATH_SEARCH_PATHS = (
					"$(inherited)",
					"@executable_path/Frameworks",
				);
				MARKETING_VERSION = 1.0;
				PRODUCT_BUNDLE_IDENTIFIER = Project.CaseProjectForAppleWatches.watchkitapp;
				PRODUCT_NAME = "$(TARGET_NAME)";
				SDKROOT = watchos;
				SKIP_INSTALL = YES;
				SWIFT_EMIT_LOC_STRINGS = YES;
				SWIFT_VERSION = 5.0;
				TARGETED_DEVICE_FAMILY = 4;
				WATCHOS_DEPLOYMENT_TARGET = 9.0;
			};
			name = Debug;
		};
		02C30C842903B5E100B91CB9 /* Release */ = {
			isa = XCBuildConfiguration;
			buildSettings = {
				ASSETCATALOG_COMPILER_APPICON_NAME = AppIcon;
				ASSETCATALOG_COMPILER_GLOBAL_ACCENT_COLOR_NAME = AccentColor;
				CODE_SIGN_STYLE = Automatic;
				CURRENT_PROJECT_VERSION = 1;
				DEVELOPMENT_ASSET_PATHS = "\"CaseProjectForAppleWatches Watch App/Preview Content\"";
				DEVELOPMENT_TEAM = CG5Q59AM3D;
				ENABLE_PREVIEWS = YES;
				GENERATE_INFOPLIST_FILE = YES;
				INFOPLIST_KEY_CFBundleDisplayName = CaseProjectForAppleWatches;
				INFOPLIST_KEY_UISupportedInterfaceOrientations = "UIInterfaceOrientationPortrait UIInterfaceOrientationPortraitUpsideDown";
				INFOPLIST_KEY_WKCompanionAppBundleIdentifier = Project.CaseProjectForAppleWatches;
				LD_RUNPATH_SEARCH_PATHS = (
					"$(inherited)",
					"@executable_path/Frameworks",
				);
				MARKETING_VERSION = 1.0;
				PRODUCT_BUNDLE_IDENTIFIER = Project.CaseProjectForAppleWatches.watchkitapp;
				PRODUCT_NAME = "$(TARGET_NAME)";
				SDKROOT = watchos;
				SKIP_INSTALL = YES;
				SWIFT_EMIT_LOC_STRINGS = YES;
				SWIFT_VERSION = 5.0;
				TARGETED_DEVICE_FAMILY = 4;
				VALIDATE_PRODUCT = YES;
				WATCHOS_DEPLOYMENT_TARGET = 9.0;
			};
			name = Release;
		};
		02C30C872903B5E100B91CB9 /* Debug */ = {
			isa = XCBuildConfiguration;
			buildSettings = {
				ALWAYS_EMBED_SWIFT_STANDARD_LIBRARIES = YES;
				ASSETCATALOG_COMPILER_APPICON_NAME = AppIcon;
				ASSETCATALOG_COMPILER_GLOBAL_ACCENT_COLOR_NAME = AccentColor;
				CODE_SIGN_STYLE = Automatic;
				CURRENT_PROJECT_VERSION = 1;
				DEVELOPMENT_ASSET_PATHS = "\"CaseProjectForAppleWatches/Preview Content\"";
				DEVELOPMENT_TEAM = CG5Q59AM3D;
				ENABLE_PREVIEWS = YES;
				GENERATE_INFOPLIST_FILE = YES;
				INFOPLIST_KEY_CFBundleDisplayName = CaseProjectForAppleWatches;
				INFOPLIST_KEY_UIApplicationSceneManifest_Generation = YES;
				INFOPLIST_KEY_UIApplicationSupportsIndirectInputEvents = YES;
				INFOPLIST_KEY_UILaunchScreen_Generation = YES;
				INFOPLIST_KEY_UISupportedInterfaceOrientations_iPad = "UIInterfaceOrientationPortrait UIInterfaceOrientationPortraitUpsideDown UIInterfaceOrientationLandscapeLeft UIInterfaceOrientationLandscapeRight";
				INFOPLIST_KEY_UISupportedInterfaceOrientations_iPhone = "UIInterfaceOrientationPortrait UIInterfaceOrientationLandscapeLeft UIInterfaceOrientationLandscapeRight";
				IPHONEOS_DEPLOYMENT_TARGET = 16.0;
				LD_RUNPATH_SEARCH_PATHS = (
					"$(inherited)",
					"@executable_path/Frameworks",
				);
				MARKETING_VERSION = 1.0;
				PRODUCT_BUNDLE_IDENTIFIER = Project.CaseProjectForAppleWatches;
				PRODUCT_NAME = "$(TARGET_NAME)";
				SDKROOT = iphoneos;
				SWIFT_EMIT_LOC_STRINGS = YES;
				SWIFT_VERSION = 5.0;
				TARGETED_DEVICE_FAMILY = "1,2";
			};
			name = Debug;
		};
		02C30C882903B5E100B91CB9 /* Release */ = {
			isa = XCBuildConfiguration;
			buildSettings = {
				ALWAYS_EMBED_SWIFT_STANDARD_LIBRARIES = YES;
				ASSETCATALOG_COMPILER_APPICON_NAME = AppIcon;
				ASSETCATALOG_COMPILER_GLOBAL_ACCENT_COLOR_NAME = AccentColor;
				CODE_SIGN_STYLE = Automatic;
				CURRENT_PROJECT_VERSION = 1;
				DEVELOPMENT_ASSET_PATHS = "\"CaseProjectForAppleWatches/Preview Content\"";
				DEVELOPMENT_TEAM = CG5Q59AM3D;
				ENABLE_PREVIEWS = YES;
				GENERATE_INFOPLIST_FILE = YES;
				INFOPLIST_KEY_CFBundleDisplayName = CaseProjectForAppleWatches;
				INFOPLIST_KEY_UIApplicationSceneManifest_Generation = YES;
				INFOPLIST_KEY_UIApplicationSupportsIndirectInputEvents = YES;
				INFOPLIST_KEY_UILaunchScreen_Generation = YES;
				INFOPLIST_KEY_UISupportedInterfaceOrientations_iPad = "UIInterfaceOrientationPortrait UIInterfaceOrientationPortraitUpsideDown UIInterfaceOrientationLandscapeLeft UIInterfaceOrientationLandscapeRight";
				INFOPLIST_KEY_UISupportedInterfaceOrientations_iPhone = "UIInterfaceOrientationPortrait UIInterfaceOrientationLandscapeLeft UIInterfaceOrientationLandscapeRight";
				IPHONEOS_DEPLOYMENT_TARGET = 16.0;
				LD_RUNPATH_SEARCH_PATHS = (
					"$(inherited)",
					"@executable_path/Frameworks",
				);
				MARKETING_VERSION = 1.0;
				PRODUCT_BUNDLE_IDENTIFIER = Project.CaseProjectForAppleWatches;
				PRODUCT_NAME = "$(TARGET_NAME)";
				SDKROOT = iphoneos;
				SWIFT_EMIT_LOC_STRINGS = YES;
				SWIFT_VERSION = 5.0;
				TARGETED_DEVICE_FAMILY = "1,2";
				VALIDATE_PRODUCT = YES;
			};
			name = Release;
		};
/* End XCBuildConfiguration section */

/* Begin XCConfigurationList section */
		02C30C5D2903B5DF00B91CB9 /* Build configuration list for PBXProject "CaseProjectForAppleWatches" */ = {
			isa = XCConfigurationList;
			buildConfigurations = (
				02C30C802903B5E100B91CB9 /* Debug */,
				02C30C812903B5E100B91CB9 /* Release */,
			);
			defaultConfigurationIsVisible = 0;
			defaultConfigurationName = Release;
		};
		02C30C822903B5E100B91CB9 /* Build configuration list for PBXNativeTarget "CaseProjectForAppleWatches Watch App" */ = {
			isa = XCConfigurationList;
			buildConfigurations = (
				02C30C832903B5E100B91CB9 /* Debug */,
				02C30C842903B5E100B91CB9 /* Release */,
			);
			defaultConfigurationIsVisible = 0;
			defaultConfigurationName = Release;
		};
		02C30C862903B5E100B91CB9 /* Build configuration list for PBXNativeTarget "CaseProjectForAppleWatches" */ = {
			isa = XCConfigurationList;
			buildConfigurations = (
				02C30C872903B5E100B91CB9 /* Debug */,
				02C30C882903B5E100B91CB9 /* Release */,
			);
			defaultConfigurationIsVisible = 0;
			defaultConfigurationName = Release;
		};
/* End XCConfigurationList section */
	};
	rootObject = 02C30C5A2903B5DF00B91CB9 /* Project object */;
}
